// !$*UTF8*$!
{
	archiveVersion = 1;
	classes = {
	};
	objectVersion = 46;
	objects = {

/* Begin PBXBuildFile section */
		F20A6D771B04F88D00A042B9 /* main.m in Sources */ = {isa = PBXBuildFile; fileRef = F20A6D761B04F88D00A042B9 /* main.m */; };
		F20A6D7A1B04F88D00A042B9 /* AppDelegate.m in Sources */ = {isa = PBXBuildFile; fileRef = F20A6D791B04F88D00A042B9 /* AppDelegate.m */; };
		F20A6D801B04F88D00A042B9 /* Main.storyboard in Resources */ = {isa = PBXBuildFile; fileRef = F20A6D7E1B04F88D00A042B9 /* Main.storyboard */; };
		F20A6D821B04F88D00A042B9 /* Images.xcassets in Resources */ = {isa = PBXBuildFile; fileRef = F20A6D811B04F88D00A042B9 /* Images.xcassets */; };
		F20A6D851B04F88D00A042B9 /* LaunchScreen.xib in Resources */ = {isa = PBXBuildFile; fileRef = F20A6D831B04F88D00A042B9 /* LaunchScreen.xib */; };
		F20A6DA01B04F8DA00A042B9 /* UIMIOSMessagesViewController.m in Sources */ = {isa = PBXBuildFile; fileRef = F20A6D9B1B04F8DA00A042B9 /* UIMIOSMessagesViewController.m */; };
		F20A6DA11B04F8DA00A042B9 /* UIMIOSViewController.m in Sources */ = {isa = PBXBuildFile; fileRef = F20A6D9D1B04F8DA00A042B9 /* UIMIOSViewController.m */; };
		F20A6DA21B04F8DA00A042B9 /* UIMSDKService.m in Sources */ = {isa = PBXBuildFile; fileRef = F20A6D9F1B04F8DA00A042B9 /* UIMSDKService.m */; };
/* End PBXBuildFile section */

/* Begin PBXFileReference section */
		57A786F502D324111E12BAB2 /* libPods-UIMSDKTests.a */ = {isa = PBXFileReference; explicitFileType = archive.ar; includeInIndex = 0; path = "libPods-UIMSDKTests.a"; sourceTree = BUILT_PRODUCTS_DIR; };
		660EE13649365F228D23D58E /* Pods-UIMSDKTests.release.xcconfig */ = {isa = PBXFileReference; includeInIndex = 1; lastKnownFileType = text.xcconfig; name = "Pods-UIMSDKTests.release.xcconfig"; path = "Pods/Target Support Files/Pods-UIMSDKTests/Pods-UIMSDKTests.release.xcconfig"; sourceTree = "<group>"; };
		7CC3FF33C05B2B430070EC68 /* Pods.release.xcconfig */ = {isa = PBXFileReference; includeInIndex = 1; lastKnownFileType = text.xcconfig; name = Pods.release.xcconfig; path = "Pods/Target Support Files/Pods/Pods.release.xcconfig"; sourceTree = "<group>"; };
		992457CD6978E47D681F11B6 /* libPods.a */ = {isa = PBXFileReference; explicitFileType = archive.ar; includeInIndex = 0; path = libPods.a; sourceTree = BUILT_PRODUCTS_DIR; };
		AB790C80B3DE54C95C9E13F3 /* Pods-UIMSDKTests.debug.xcconfig */ = {isa = PBXFileReference; includeInIndex = 1; lastKnownFileType = text.xcconfig; name = "Pods-UIMSDKTests.debug.xcconfig"; path = "Pods/Target Support Files/Pods-UIMSDKTests/Pods-UIMSDKTests.debug.xcconfig"; sourceTree = "<group>"; };
		D7BFEB82D46CC2DA02469844 /* Pods.debug.xcconfig */ = {isa = PBXFileReference; includeInIndex = 1; lastKnownFileType = text.xcconfig; name = Pods.debug.xcconfig; path = "Pods/Target Support Files/Pods/Pods.debug.xcconfig"; sourceTree = "<group>"; };
		F20816651AF9F71C001076F0 /* UIMClient.m */ = {isa = PBXFileReference; fileEncoding = 4; lastKnownFileType = sourcecode.c.objc; name = UIMClient.m; path = Source/UIMClient.m; sourceTree = SOURCE_ROOT; };
		F20816661AF9F71C001076F0 /* UIMService.h */ = {isa = PBXFileReference; fileEncoding = 4; lastKnownFileType = sourcecode.c.h; name = UIMService.h; path = Source/UIMService.h; sourceTree = SOURCE_ROOT; };
		F20816671AF9F71C001076F0 /* UIMService.m */ = {isa = PBXFileReference; fileEncoding = 4; lastKnownFileType = sourcecode.c.objc; name = UIMService.m; path = Source/UIMService.m; sourceTree = SOURCE_ROOT; };
		F20A6D721B04F88D00A042B9 /* UIMDemo.app */ = {isa = PBXFileReference; explicitFileType = wrapper.application; includeInIndex = 0; path = UIMDemo.app; sourceTree = BUILT_PRODUCTS_DIR; };
		F20A6D751B04F88D00A042B9 /* Info.plist */ = {isa = PBXFileReference; lastKnownFileType = text.plist.xml; path = Info.plist; sourceTree = "<group>"; };
		F20A6D761B04F88D00A042B9 /* main.m */ = {isa = PBXFileReference; lastKnownFileType = sourcecode.c.objc; path = main.m; sourceTree = "<group>"; };
		F20A6D781B04F88D00A042B9 /* AppDelegate.h */ = {isa = PBXFileReference; lastKnownFileType = sourcecode.c.h; path = AppDelegate.h; sourceTree = "<group>"; };
		F20A6D791B04F88D00A042B9 /* AppDelegate.m */ = {isa = PBXFileReference; lastKnownFileType = sourcecode.c.objc; path = AppDelegate.m; sourceTree = "<group>"; };
		F20A6D7F1B04F88D00A042B9 /* Base */ = {isa = PBXFileReference; lastKnownFileType = file.storyboard; name = Base; path = Base.lproj/Main.storyboard; sourceTree = "<group>"; };
		F20A6D811B04F88D00A042B9 /* Images.xcassets */ = {isa = PBXFileReference; lastKnownFileType = folder.assetcatalog; path = Images.xcassets; sourceTree = "<group>"; };
		F20A6D841B04F88D00A042B9 /* Base */ = {isa = PBXFileReference; lastKnownFileType = file.xib; name = Base; path = Base.lproj/LaunchScreen.xib; sourceTree = "<group>"; };
		F20A6D8F1B04F88D00A042B9 /* Info.plist */ = {isa = PBXFileReference; lastKnownFileType = text.plist.xml; path = Info.plist; sourceTree = "<group>"; };
		F20A6D901B04F88D00A042B9 /* UIMDemoTests.m */ = {isa = PBXFileReference; lastKnownFileType = sourcecode.c.objc; path = UIMDemoTests.m; sourceTree = "<group>"; };
		F20A6D9A1B04F8DA00A042B9 /* UIMIOSMessagesViewController.h */ = {isa = PBXFileReference; fileEncoding = 4; lastKnownFileType = sourcecode.c.h; path = UIMIOSMessagesViewController.h; sourceTree = "<group>"; };
		F20A6D9B1B04F8DA00A042B9 /* UIMIOSMessagesViewController.m */ = {isa = PBXFileReference; fileEncoding = 4; lastKnownFileType = sourcecode.c.objc; path = UIMIOSMessagesViewController.m; sourceTree = "<group>"; };
		F20A6D9C1B04F8DA00A042B9 /* UIMIOSViewController.h */ = {isa = PBXFileReference; fileEncoding = 4; lastKnownFileType = sourcecode.c.h; path = UIMIOSViewController.h; sourceTree = "<group>"; };
		F20A6D9D1B04F8DA00A042B9 /* UIMIOSViewController.m */ = {isa = PBXFileReference; fileEncoding = 4; lastKnownFileType = sourcecode.c.objc; path = UIMIOSViewController.m; sourceTree = "<group>"; };
		F20A6D9E1B04F8DA00A042B9 /* UIMSDKService.h */ = {isa = PBXFileReference; fileEncoding = 4; lastKnownFileType = sourcecode.c.h; path = UIMSDKService.h; sourceTree = "<group>"; };
		F20A6D9F1B04F8DA00A042B9 /* UIMSDKService.m */ = {isa = PBXFileReference; fileEncoding = 4; lastKnownFileType = sourcecode.c.objc; path = UIMSDKService.m; sourceTree = "<group>"; };
		F2B73A551AE93867009AFCE9 /* UIMClient.h */ = {isa = PBXFileReference; fileEncoding = 4; lastKnownFileType = sourcecode.c.h; path = UIMClient.h; sourceTree = "<group>"; };
		F2CED4941A61AA50001B9B25 /* Info.plist */ = {isa = PBXFileReference; lastKnownFileType = text.plist.xml; path = Info.plist; sourceTree = "<group>"; };
/* End PBXFileReference section */

/* Begin PBXFrameworksBuildPhase section */
		F20A6D6F1B04F88D00A042B9 /* Frameworks */ = {
			isa = PBXFrameworksBuildPhase;
			buildActionMask = 2147483647;
			files = (
			);
			runOnlyForDeploymentPostprocessing = 0;
		};
/* End PBXFrameworksBuildPhase section */

/* Begin PBXGroup section */
		42BED76E2326211E0A7C0FD2 /* Pods */ = {
			isa = PBXGroup;
			children = (
				D7BFEB82D46CC2DA02469844 /* Pods.debug.xcconfig */,
				7CC3FF33C05B2B430070EC68 /* Pods.release.xcconfig */,
				AB790C80B3DE54C95C9E13F3 /* Pods-UIMSDKTests.debug.xcconfig */,
				660EE13649365F228D23D58E /* Pods-UIMSDKTests.release.xcconfig */,
			);
			name = Pods;
			sourceTree = "<group>";
		};
		82C469B738E2450DF57B6305 /* Frameworks */ = {
			isa = PBXGroup;
			children = (
				992457CD6978E47D681F11B6 /* libPods.a */,
				57A786F502D324111E12BAB2 /* libPods-UIMSDKTests.a */,
			);
			name = Frameworks;
			sourceTree = "<group>";
		};
		F20A6D731B04F88D00A042B9 /* UIMDemo */ = {
			isa = PBXGroup;
			children = (
				F20A6D981B04F8DA00A042B9 /* Class */,
				F20A6D781B04F88D00A042B9 /* AppDelegate.h */,
				F20A6D791B04F88D00A042B9 /* AppDelegate.m */,
				F20A6D7E1B04F88D00A042B9 /* Main.storyboard */,
				F20A6D811B04F88D00A042B9 /* Images.xcassets */,
				F20A6D831B04F88D00A042B9 /* LaunchScreen.xib */,
				F20A6D741B04F88D00A042B9 /* Supporting Files */,
			);
			path = UIMDemo;
			sourceTree = "<group>";
		};
		F20A6D741B04F88D00A042B9 /* Supporting Files */ = {
			isa = PBXGroup;
			children = (
				F20A6D751B04F88D00A042B9 /* Info.plist */,
				F20A6D761B04F88D00A042B9 /* main.m */,
			);
			name = "Supporting Files";
			sourceTree = "<group>";
		};
		F20A6D8D1B04F88D00A042B9 /* UIMDemoTests */ = {
			isa = PBXGroup;
			children = (
				F20A6D901B04F88D00A042B9 /* UIMDemoTests.m */,
				F20A6D8E1B04F88D00A042B9 /* Supporting Files */,
			);
			path = UIMDemoTests;
			sourceTree = "<group>";
		};
		F20A6D8E1B04F88D00A042B9 /* Supporting Files */ = {
			isa = PBXGroup;
			children = (
				F20A6D8F1B04F88D00A042B9 /* Info.plist */,
			);
			name = "Supporting Files";
			sourceTree = "<group>";
		};
		F20A6D981B04F8DA00A042B9 /* Class */ = {
			isa = PBXGroup;
			children = (
				F20A6D991B04F8DA00A042B9 /* ViewController */,
			);
			path = Class;
			sourceTree = "<group>";
		};
		F20A6D991B04F8DA00A042B9 /* ViewController */ = {
			isa = PBXGroup;
			children = (
				F20A6D9A1B04F8DA00A042B9 /* UIMIOSMessagesViewController.h */,
				F20A6D9B1B04F8DA00A042B9 /* UIMIOSMessagesViewController.m */,
				F20A6D9C1B04F8DA00A042B9 /* UIMIOSViewController.h */,
				F20A6D9D1B04F8DA00A042B9 /* UIMIOSViewController.m */,
				F20A6D9E1B04F8DA00A042B9 /* UIMSDKService.h */,
				F20A6D9F1B04F8DA00A042B9 /* UIMSDKService.m */,
			);
			path = ViewController;
			sourceTree = "<group>";
		};
		F2B73A4F1AE93867009AFCE9 /* Source */ = {
			isa = PBXGroup;
			children = (
				F2B73A501AE93867009AFCE9 /* Private */,
				F2B73A541AE93867009AFCE9 /* Public */,
			);
			path = Source;
			sourceTree = SOURCE_ROOT;
		};
		F2B73A501AE93867009AFCE9 /* Private */ = {
			isa = PBXGroup;
			children = (
				F20816651AF9F71C001076F0 /* UIMClient.m */,
				F20816661AF9F71C001076F0 /* UIMService.h */,
				F20816671AF9F71C001076F0 /* UIMService.m */,
			);
			path = Private;
			sourceTree = "<group>";
		};
		F2B73A541AE93867009AFCE9 /* Public */ = {
			isa = PBXGroup;
			children = (
				F2B73A551AE93867009AFCE9 /* UIMClient.h */,
			);
			path = Public;
			sourceTree = "<group>";
		};
		F2CED4861A61AA50001B9B25 = {
			isa = PBXGroup;
			children = (
				F2CED4921A61AA50001B9B25 /* UIMSDK */,
				F20A6D731B04F88D00A042B9 /* UIMDemo */,
				F20A6D8D1B04F88D00A042B9 /* UIMDemoTests */,
				F2CED4911A61AA50001B9B25 /* Products */,
				42BED76E2326211E0A7C0FD2 /* Pods */,
				82C469B738E2450DF57B6305 /* Frameworks */,
			);
			sourceTree = "<group>";
		};
		F2CED4911A61AA50001B9B25 /* Products */ = {
			isa = PBXGroup;
			children = (
				F20A6D721B04F88D00A042B9 /* UIMDemo.app */,
			);
			name = Products;
			sourceTree = "<group>";
		};
		F2CED4921A61AA50001B9B25 /* UIMSDK */ = {
			isa = PBXGroup;
			children = (
				F2B73A4F1AE93867009AFCE9 /* Source */,
				F2CED4931A61AA50001B9B25 /* Supporting Files */,
			);
			path = UIMSDK;
			sourceTree = "<group>";
		};
		F2CED4931A61AA50001B9B25 /* Supporting Files */ = {
			isa = PBXGroup;
			children = (
				F2CED4941A61AA50001B9B25 /* Info.plist */,
			);
			name = "Supporting Files";
			sourceTree = "<group>";
		};
/* End PBXGroup section */

/* Begin PBXNativeTarget section */
		F20A6D711B04F88D00A042B9 /* UIMDemo */ = {
			isa = PBXNativeTarget;
			buildConfigurationList = F20A6D961B04F88D00A042B9 /* Build configuration list for PBXNativeTarget "UIMDemo" */;
			buildPhases = (
				F20A6D6E1B04F88D00A042B9 /* Sources */,
				F20A6D6F1B04F88D00A042B9 /* Frameworks */,
				F20A6D701B04F88D00A042B9 /* Resources */,
			);
			buildRules = (
			);
			dependencies = (
			);
			name = UIMDemo;
			productName = UIMDemo;
			productReference = F20A6D721B04F88D00A042B9 /* UIMDemo.app */;
			productType = "com.apple.product-type.application";
		};
/* End PBXNativeTarget section */

/* Begin PBXProject section */
		F2CED4871A61AA50001B9B25 /* Project object */ = {
			isa = PBXProject;
			attributes = {
				LastUpgradeCheck = 0610;
				ORGANIZATIONNAME = "Retso Huang";
				TargetAttributes = {
					F20A6D711B04F88D00A042B9 = {
						CreatedOnToolsVersion = 6.3.1;
					};
				};
			};
			buildConfigurationList = F2CED48A1A61AA50001B9B25 /* Build configuration list for PBXProject "UIMSDK" */;
			compatibilityVersion = "Xcode 3.2";
			developmentRegion = English;
			hasScannedForEncodings = 0;
			knownRegions = (
				en,
				Base,
			);
			mainGroup = F2CED4861A61AA50001B9B25;
			productRefGroup = F2CED4911A61AA50001B9B25 /* Products */;
			projectDirPath = "";
			projectRoot = "";
			targets = (
				F20A6D711B04F88D00A042B9 /* UIMDemo */,
			);
		};
/* End PBXProject section */

/* Begin PBXResourcesBuildPhase section */
		F20A6D701B04F88D00A042B9 /* Resources */ = {
			isa = PBXResourcesBuildPhase;
			buildActionMask = 2147483647;
			files = (
				F20A6D801B04F88D00A042B9 /* Main.storyboard in Resources */,
				F20A6D851B04F88D00A042B9 /* LaunchScreen.xib in Resources */,
				F20A6D821B04F88D00A042B9 /* Images.xcassets in Resources */,
			);
			runOnlyForDeploymentPostprocessing = 0;
		};
/* End PBXResourcesBuildPhase section */

/* Begin PBXSourcesBuildPhase section */
		F20A6D6E1B04F88D00A042B9 /* Sources */ = {
			isa = PBXSourcesBuildPhase;
			buildActionMask = 2147483647;
			files = (
				F20A6D7A1B04F88D00A042B9 /* AppDelegate.m in Sources */,
				F20A6DA01B04F8DA00A042B9 /* UIMIOSMessagesViewController.m in Sources */,
				F20A6D771B04F88D00A042B9 /* main.m in Sources */,
				F20A6DA21B04F8DA00A042B9 /* UIMSDKService.m in Sources */,
				F20A6DA11B04F8DA00A042B9 /* UIMIOSViewController.m in Sources */,
			);
			runOnlyForDeploymentPostprocessing = 0;
		};
/* End PBXSourcesBuildPhase section */

/* Begin PBXVariantGroup section */
		F20A6D7E1B04F88D00A042B9 /* Main.storyboard */ = {
			isa = PBXVariantGroup;
			children = (
				F20A6D7F1B04F88D00A042B9 /* Base */,
			);
			name = Main.storyboard;
			sourceTree = "<group>";
		};
		F20A6D831B04F88D00A042B9 /* LaunchScreen.xib */ = {
			isa = PBXVariantGroup;
			children = (
				F20A6D841B04F88D00A042B9 /* Base */,
			);
			name = LaunchScreen.xib;
			sourceTree = "<group>";
		};
/* End PBXVariantGroup section */

/* Begin XCBuildConfiguration section */
		F20A6D921B04F88D00A042B9 /* Debug */ = {
			isa = XCBuildConfiguration;
			buildSettings = {
				ASSETCATALOG_COMPILER_APPICON_NAME = AppIcon;
				ASSETCATALOG_COMPILER_LAUNCHIMAGE_NAME = LaunchImage;
				DEBUG_INFORMATION_FORMAT = "dwarf-with-dsym";
				GCC_NO_COMMON_BLOCKS = YES;
				GCC_PREPROCESSOR_DEFINITIONS = (
					"DEBUG=1",
					"$(inherited)",
				);
				INFOPLIST_FILE = UIMDemo/Info.plist;
				IPHONEOS_DEPLOYMENT_TARGET = 7.0;
				LD_RUNPATH_SEARCH_PATHS = "$(inherited) @executable_path/Frameworks";
				PRODUCT_NAME = "$(TARGET_NAME)";
			};
			name = Debug;
		};
		F20A6D931B04F88D00A042B9 /* Release */ = {
			isa = XCBuildConfiguration;
			buildSettings = {
				ASSETCATALOG_COMPILER_APPICON_NAME = AppIcon;
				ASSETCATALOG_COMPILER_LAUNCHIMAGE_NAME = LaunchImage;
				COPY_PHASE_STRIP = NO;
				DEBUG_INFORMATION_FORMAT = "dwarf-with-dsym";
				GCC_NO_COMMON_BLOCKS = YES;
				INFOPLIST_FILE = UIMDemo/Info.plist;
				IPHONEOS_DEPLOYMENT_TARGET = 7.0;
				LD_RUNPATH_SEARCH_PATHS = "$(inherited) @executable_path/Frameworks";
				PRODUCT_NAME = "$(TARGET_NAME)";
			};
			name = Release;
		};
		F2CED4A41A61AA51001B9B25 /* Debug */ = {
			isa = XCBuildConfiguration;
			buildSettings = {
				ALWAYS_SEARCH_USER_PATHS = NO;
				CLANG_CXX_LANGUAGE_STANDARD = "gnu++0x";
				CLANG_CXX_LIBRARY = "libc++";
				CLANG_ENABLE_MODULES = YES;
				CLANG_ENABLE_OBJC_ARC = YES;
				CLANG_WARN_BOOL_CONVERSION = YES;
				CLANG_WARN_CONSTANT_CONVERSION = YES;
				CLANG_WARN_DIRECT_OBJC_ISA_USAGE = YES_ERROR;
				CLANG_WARN_EMPTY_BODY = YES;
				CLANG_WARN_ENUM_CONVERSION = YES;
				CLANG_WARN_INT_CONVERSION = YES;
				CLANG_WARN_OBJC_ROOT_CLASS = YES_ERROR;
				CLANG_WARN_UNREACHABLE_CODE = YES;
				CLANG_WARN__DUPLICATE_METHOD_MATCH = YES;
				"CODE_SIGN_IDENTITY[sdk=iphoneos*]" = "iPhone Developer";
				COPY_PHASE_STRIP = NO;
				CURRENT_PROJECT_VERSION = 1;
				ENABLE_STRICT_OBJC_MSGSEND = YES;
				GCC_C_LANGUAGE_STANDARD = gnu99;
				GCC_DYNAMIC_NO_PIC = NO;
				GCC_OPTIMIZATION_LEVEL = 0;
				GCC_PREPROCESSOR_DEFINITIONS = (
					"DEBUG=1",
					"$(inherited)",
				);
				GCC_SYMBOLS_PRIVATE_EXTERN = NO;
				GCC_WARN_64_TO_32_BIT_CONVERSION = YES;
				GCC_WARN_ABOUT_RETURN_TYPE = YES_ERROR;
				GCC_WARN_UNDECLARED_SELECTOR = YES;
				GCC_WARN_UNINITIALIZED_AUTOS = YES_AGGRESSIVE;
				GCC_WARN_UNUSED_FUNCTION = YES;
				GCC_WARN_UNUSED_VARIABLE = YES;
				IPHONEOS_DEPLOYMENT_TARGET = 8.1;
				MTL_ENABLE_DEBUG_INFO = YES;
				ONLY_ACTIVE_ARCH = YES;
				SDKROOT = iphoneos;
				TARGETED_DEVICE_FAMILY = "1,2";
				VERSIONING_SYSTEM = "apple-generic";
				VERSION_INFO_PREFIX = "";
			};
			name = Debug;
		};
		F2CED4A51A61AA51001B9B25 /* Release */ = {
			isa = XCBuildConfiguration;
			buildSettings = {
				ALWAYS_SEARCH_USER_PATHS = NO;
				CLANG_CXX_LANGUAGE_STANDARD = "gnu++0x";
				CLANG_CXX_LIBRARY = "libc++";
				CLANG_ENABLE_MODULES = YES;
				CLANG_ENABLE_OBJC_ARC = YES;
				CLANG_WARN_BOOL_CONVERSION = YES;
				CLANG_WARN_CONSTANT_CONVERSION = YES;
				CLANG_WARN_DIRECT_OBJC_ISA_USAGE = YES_ERROR;
				CLANG_WARN_EMPTY_BODY = YES;
				CLANG_WARN_ENUM_CONVERSION = YES;
				CLANG_WARN_INT_CONVERSION = YES;
				CLANG_WARN_OBJC_ROOT_CLASS = YES_ERROR;
				CLANG_WARN_UNREACHABLE_CODE = YES;
				CLANG_WARN__DUPLICATE_METHOD_MATCH = YES;
				"CODE_SIGN_IDENTITY[sdk=iphoneos*]" = "iPhone Developer";
				COPY_PHASE_STRIP = YES;
				CURRENT_PROJECT_VERSION = 1;
				ENABLE_NS_ASSERTIONS = NO;
				ENABLE_STRICT_OBJC_MSGSEND = YES;
				GCC_C_LANGUAGE_STANDARD = gnu99;
				GCC_WARN_64_TO_32_BIT_CONVERSION = YES;
				GCC_WARN_ABOUT_RETURN_TYPE = YES_ERROR;
				GCC_WARN_UNDECLARED_SELECTOR = YES;
				GCC_WARN_UNINITIALIZED_AUTOS = YES_AGGRESSIVE;
				GCC_WARN_UNUSED_FUNCTION = YES;
				GCC_WARN_UNUSED_VARIABLE = YES;
				IPHONEOS_DEPLOYMENT_TARGET = 8.1;
				MTL_ENABLE_DEBUG_INFO = NO;
				SDKROOT = iphoneos;
				TARGETED_DEVICE_FAMILY = "1,2";
				VALIDATE_PRODUCT = YES;
				VERSIONING_SYSTEM = "apple-generic";
				VERSION_INFO_PREFIX = "";
			};
			name = Release;
		};
/* End XCBuildConfiguration section */

/* Begin XCConfigurationList section */
		F20A6D961B04F88D00A042B9 /* Build configuration list for PBXNativeTarget "UIMDemo" */ = {
			isa = XCConfigurationList;
			buildConfigurations = (
				F20A6D921B04F88D00A042B9 /* Debug */,
				F20A6D931B04F88D00A042B9 /* Release */,
			);
			defaultConfigurationIsVisible = 0;
		};
		F2CED48A1A61AA50001B9B25 /* Build configuration list for PBXProject "UIMSDK" */ = {
			isa = XCConfigurationList;
			buildConfigurations = (
				F2CED4A41A61AA51001B9B25 /* Debug */,
				F2CED4A51A61AA51001B9B25 /* Release */,
			);
			defaultConfigurationIsVisible = 0;
			defaultConfigurationName = Release;
		};
/* End XCConfigurationList section */
	};
	rootObject = F2CED4871A61AA50001B9B25 /* Project object */;
}
