// !$*UTF8*$!
{
	archiveVersion = 1;
	classes = {
	};
	objectVersion = 46;
	objects = {

/* Begin PBXAggregateTarget section */
		F2AEF1FC1A61ACF900884537 /* UIMSDK-Universal */ = {
			isa = PBXAggregateTarget;
			buildConfigurationList = F2AEF1FD1A61ACF900884537 /* Build configuration list for PBXAggregateTarget "UIMSDK-Universal" */;
			buildPhases = (
				F2AEF2001A61AD0600884537 /* ShellScript */,
			);
			dependencies = (
			);
			name = "UIMSDK-Universal";
			productName = "UIMSDK-Universal";
		};
/* End PBXAggregateTarget section */

/* Begin PBXBuildFile section */
		6431B4D6A7D3E204C8C1D585 /* libPods.a in Frameworks */ = {isa = PBXBuildFile; fileRef = 992457CD6978E47D681F11B6 /* libPods.a */; };
		F238192F1A6641B400748A5E /* UIMClient.h in Headers */ = {isa = PBXBuildFile; fileRef = F238192A1A6641B400748A5E /* UIMClient.h */; settings = {ATTRIBUTES = (Public, ); }; };
		F23819301A6641B400748A5E /* UIMClient.m in Sources */ = {isa = PBXBuildFile; fileRef = F238192B1A6641B400748A5E /* UIMClient.m */; };
		F23819321A6641B400748A5E /* UIMSDK.h in Headers */ = {isa = PBXBuildFile; fileRef = F238192C1A6641B400748A5E /* UIMSDK.h */; settings = {ATTRIBUTES = (Public, ); }; };
		F23819331A6641B400748A5E /* UIMService.h in Headers */ = {isa = PBXBuildFile; fileRef = F238192D1A6641B400748A5E /* UIMService.h */; };
		F23819341A6641B400748A5E /* UIMService.m in Sources */ = {isa = PBXBuildFile; fileRef = F238192E1A6641B400748A5E /* UIMService.m */; };
		F2F81FCB1AE92E16007CF472 /* UIMClient.h in CopyFiles */ = {isa = PBXBuildFile; fileRef = F238192A1A6641B400748A5E /* UIMClient.h */; };
		F2F81FCF1AE92E4A007CF472 /* UIMClient.m in Sources */ = {isa = PBXBuildFile; fileRef = F238192B1A6641B400748A5E /* UIMClient.m */; };
		F2F81FD01AE92E4A007CF472 /* UIMService.h in Sources */ = {isa = PBXBuildFile; fileRef = F238192D1A6641B400748A5E /* UIMService.h */; };
		F2F81FD11AE92E4A007CF472 /* UIMService.m in Sources */ = {isa = PBXBuildFile; fileRef = F238192E1A6641B400748A5E /* UIMService.m */; };
/* End PBXBuildFile section */

/* Begin PBXCopyFilesBuildPhase section */
		F2F81FB21AE92DE3007CF472 /* CopyFiles */ = {
			isa = PBXCopyFilesBuildPhase;
			buildActionMask = 2147483647;
			dstPath = "include/$(PRODUCT_NAME)";
			dstSubfolderSpec = 16;
			files = (
				F2F81FCB1AE92E16007CF472 /* UIMClient.h in CopyFiles */,
			);
			runOnlyForDeploymentPostprocessing = 0;
		};
/* End PBXCopyFilesBuildPhase section */

/* Begin PBXFileReference section */
		57A786F502D324111E12BAB2 /* libPods-UIMSDKTests.a */ = {isa = PBXFileReference; explicitFileType = archive.ar; includeInIndex = 0; path = "libPods-UIMSDKTests.a"; sourceTree = BUILT_PRODUCTS_DIR; };
		660EE13649365F228D23D58E /* Pods-UIMSDKTests.release.xcconfig */ = {isa = PBXFileReference; includeInIndex = 1; lastKnownFileType = text.xcconfig; name = "Pods-UIMSDKTests.release.xcconfig"; path = "Pods/Target Support Files/Pods-UIMSDKTests/Pods-UIMSDKTests.release.xcconfig"; sourceTree = "<group>"; };
		7CC3FF33C05B2B430070EC68 /* Pods.release.xcconfig */ = {isa = PBXFileReference; includeInIndex = 1; lastKnownFileType = text.xcconfig; name = Pods.release.xcconfig; path = "Pods/Target Support Files/Pods/Pods.release.xcconfig"; sourceTree = "<group>"; };
		992457CD6978E47D681F11B6 /* libPods.a */ = {isa = PBXFileReference; explicitFileType = archive.ar; includeInIndex = 0; path = libPods.a; sourceTree = BUILT_PRODUCTS_DIR; };
		AB790C80B3DE54C95C9E13F3 /* Pods-UIMSDKTests.debug.xcconfig */ = {isa = PBXFileReference; includeInIndex = 1; lastKnownFileType = text.xcconfig; name = "Pods-UIMSDKTests.debug.xcconfig"; path = "Pods/Target Support Files/Pods-UIMSDKTests/Pods-UIMSDKTests.debug.xcconfig"; sourceTree = "<group>"; };
		D7BFEB82D46CC2DA02469844 /* Pods.debug.xcconfig */ = {isa = PBXFileReference; includeInIndex = 1; lastKnownFileType = text.xcconfig; name = Pods.debug.xcconfig; path = "Pods/Target Support Files/Pods/Pods.debug.xcconfig"; sourceTree = "<group>"; };
		F22DAE0C1A6D0A5200BED862 /* WaitingForAgentTest.m */ = {isa = PBXFileReference; fileEncoding = 4; lastKnownFileType = sourcecode.c.objc; path = WaitingForAgentTest.m; sourceTree = "<group>"; };
		F238192A1A6641B400748A5E /* UIMClient.h */ = {isa = PBXFileReference; fileEncoding = 4; lastKnownFileType = sourcecode.c.h; path = UIMClient.h; sourceTree = "<group>"; };
		F238192B1A6641B400748A5E /* UIMClient.m */ = {isa = PBXFileReference; fileEncoding = 4; lastKnownFileType = sourcecode.c.objc; path = UIMClient.m; sourceTree = "<group>"; };
		F238192C1A6641B400748A5E /* UIMSDK.h */ = {isa = PBXFileReference; fileEncoding = 4; lastKnownFileType = sourcecode.c.h; path = UIMSDK.h; sourceTree = "<group>"; };
		F238192D1A6641B400748A5E /* UIMService.h */ = {isa = PBXFileReference; fileEncoding = 4; lastKnownFileType = sourcecode.c.h; path = UIMService.h; sourceTree = "<group>"; };
		F238192E1A6641B400748A5E /* UIMService.m */ = {isa = PBXFileReference; fileEncoding = 4; lastKnownFileType = sourcecode.c.objc; path = UIMService.m; sourceTree = "<group>"; };
		F24C64ED1A67C2B0002FF5F7 /* ConnectionTest.m */ = {isa = PBXFileReference; fileEncoding = 4; lastKnownFileType = sourcecode.c.objc; path = ConnectionTest.m; sourceTree = "<group>"; };
		F24C64EF1A67C7BF002FF5F7 /* UIMSDKTestCase.h */ = {isa = PBXFileReference; fileEncoding = 4; lastKnownFileType = sourcecode.c.h; path = UIMSDKTestCase.h; sourceTree = "<group>"; };
		F24C64F01A67C7BF002FF5F7 /* UIMSDKTestCase.m */ = {isa = PBXFileReference; fileEncoding = 4; lastKnownFileType = sourcecode.c.objc; path = UIMSDKTestCase.m; sourceTree = "<group>"; };
		F2CED4901A61AA50001B9B25 /* UIMSDK.framework */ = {isa = PBXFileReference; explicitFileType = wrapper.framework; includeInIndex = 0; path = UIMSDK.framework; sourceTree = BUILT_PRODUCTS_DIR; };
		F2CED4941A61AA50001B9B25 /* Info.plist */ = {isa = PBXFileReference; lastKnownFileType = text.plist.xml; path = Info.plist; sourceTree = "<group>"; };
		F2CED4A11A61AA51001B9B25 /* Info.plist */ = {isa = PBXFileReference; lastKnownFileType = text.plist.xml; path = Info.plist; sourceTree = "<group>"; };
		F2F81FB41AE92DE3007CF472 /* liblibUIMSDK.a */ = {isa = PBXFileReference; explicitFileType = archive.ar; includeInIndex = 0; path = liblibUIMSDK.a; sourceTree = BUILT_PRODUCTS_DIR; };
		F2F81FC41AE92DE3007CF472 /* Info.plist */ = {isa = PBXFileReference; lastKnownFileType = text.plist.xml; path = Info.plist; sourceTree = "<group>"; };
/* End PBXFileReference section */

/* Begin PBXFrameworksBuildPhase section */
		F2CED48C1A61AA50001B9B25 /* Frameworks */ = {
			isa = PBXFrameworksBuildPhase;
			buildActionMask = 2147483647;
			files = (
				6431B4D6A7D3E204C8C1D585 /* libPods.a in Frameworks */,
			);
			runOnlyForDeploymentPostprocessing = 0;
		};
		F2F81FB11AE92DE3007CF472 /* Frameworks */ = {
			isa = PBXFrameworksBuildPhase;
			buildActionMask = 2147483647;
			files = (
			);
			runOnlyForDeploymentPostprocessing = 0;
		};
/* End PBXFrameworksBuildPhase section */

/* Begin PBXGroup section */
		42BED76E2326211E0A7C0FD2 /* Pods */ = {
			isa = PBXGroup;
			children = (
				D7BFEB82D46CC2DA02469844 /* Pods.debug.xcconfig */,
				7CC3FF33C05B2B430070EC68 /* Pods.release.xcconfig */,
				AB790C80B3DE54C95C9E13F3 /* Pods-UIMSDKTests.debug.xcconfig */,
				660EE13649365F228D23D58E /* Pods-UIMSDKTests.release.xcconfig */,
			);
			name = Pods;
			sourceTree = "<group>";
		};
		82C469B738E2450DF57B6305 /* Frameworks */ = {
			isa = PBXGroup;
			children = (
				992457CD6978E47D681F11B6 /* libPods.a */,
				57A786F502D324111E12BAB2 /* libPods-UIMSDKTests.a */,
			);
			name = Frameworks;
			sourceTree = "<group>";
		};
		F23819291A6641B400748A5E /* Classes */ = {
			isa = PBXGroup;
			children = (
				F238192A1A6641B400748A5E /* UIMClient.h */,
				F238192B1A6641B400748A5E /* UIMClient.m */,
				F238192C1A6641B400748A5E /* UIMSDK.h */,
				F238192D1A6641B400748A5E /* UIMService.h */,
				F238192E1A6641B400748A5E /* UIMService.m */,
			);
			path = Classes;
			sourceTree = "<group>";
		};
		F2CED4861A61AA50001B9B25 = {
			isa = PBXGroup;
			children = (
				F2CED4921A61AA50001B9B25 /* UIMSDK */,
				F2CED49F1A61AA51001B9B25 /* UIMSDKTests */,
				F2F81FB51AE92DE3007CF472 /* libUIMSDK */,
				F2F81FC21AE92DE3007CF472 /* libUIMSDKTests */,
				F2CED4911A61AA50001B9B25 /* Products */,
				42BED76E2326211E0A7C0FD2 /* Pods */,
				82C469B738E2450DF57B6305 /* Frameworks */,
			);
			sourceTree = "<group>";
		};
		F2CED4911A61AA50001B9B25 /* Products */ = {
			isa = PBXGroup;
			children = (
				F2CED4901A61AA50001B9B25 /* UIMSDK.framework */,
				F2F81FB41AE92DE3007CF472 /* liblibUIMSDK.a */,
			);
			name = Products;
			sourceTree = "<group>";
		};
		F2CED4921A61AA50001B9B25 /* UIMSDK */ = {
			isa = PBXGroup;
			children = (
				F23819291A6641B400748A5E /* Classes */,
				F2CED4931A61AA50001B9B25 /* Supporting Files */,
			);
			path = UIMSDK;
			sourceTree = "<group>";
		};
		F2CED4931A61AA50001B9B25 /* Supporting Files */ = {
			isa = PBXGroup;
			children = (
				F2CED4941A61AA50001B9B25 /* Info.plist */,
			);
			name = "Supporting Files";
			sourceTree = "<group>";
		};
		F2CED49F1A61AA51001B9B25 /* UIMSDKTests */ = {
			isa = PBXGroup;
			children = (
				F24C64ED1A67C2B0002FF5F7 /* ConnectionTest.m */,
				F2CED4A01A61AA51001B9B25 /* Supporting Files */,
				F24C64EF1A67C7BF002FF5F7 /* UIMSDKTestCase.h */,
				F24C64F01A67C7BF002FF5F7 /* UIMSDKTestCase.m */,
				F22DAE0C1A6D0A5200BED862 /* WaitingForAgentTest.m */,
			);
			path = UIMSDKTests;
			sourceTree = "<group>";
		};
		F2CED4A01A61AA51001B9B25 /* Supporting Files */ = {
			isa = PBXGroup;
			children = (
				F2CED4A11A61AA51001B9B25 /* Info.plist */,
			);
			name = "Supporting Files";
			sourceTree = "<group>";
		};
		F2F81FB51AE92DE3007CF472 /* libUIMSDK */ = {
			isa = PBXGroup;
			children = (
			);
			path = libUIMSDK;
			sourceTree = "<group>";
		};
		F2F81FC21AE92DE3007CF472 /* libUIMSDKTests */ = {
			isa = PBXGroup;
			children = (
				F2F81FC31AE92DE3007CF472 /* Supporting Files */,
			);
			path = libUIMSDKTests;
			sourceTree = "<group>";
		};
		F2F81FC31AE92DE3007CF472 /* Supporting Files */ = {
			isa = PBXGroup;
			children = (
				F2F81FC41AE92DE3007CF472 /* Info.plist */,
			);
			name = "Supporting Files";
			sourceTree = "<group>";
		};
/* End PBXGroup section */

/* Begin PBXHeadersBuildPhase section */
		F2CED48D1A61AA50001B9B25 /* Headers */ = {
			isa = PBXHeadersBuildPhase;
			buildActionMask = 2147483647;
			files = (
				F23819321A6641B400748A5E /* UIMSDK.h in Headers */,
				F238192F1A6641B400748A5E /* UIMClient.h in Headers */,
				F23819331A6641B400748A5E /* UIMService.h in Headers */,
			);
			runOnlyForDeploymentPostprocessing = 0;
		};
/* End PBXHeadersBuildPhase section */

/* Begin PBXNativeTarget section */
		F2CED48F1A61AA50001B9B25 /* UIMSDK */ = {
			isa = PBXNativeTarget;
			buildConfigurationList = F2CED4A61A61AA51001B9B25 /* Build configuration list for PBXNativeTarget "UIMSDK" */;
			buildPhases = (
				D93A8EA03F0F30CBD72B183D /* Check Pods Manifest.lock */,
				F2CED48B1A61AA50001B9B25 /* Sources */,
				F2CED48C1A61AA50001B9B25 /* Frameworks */,
				F2CED48D1A61AA50001B9B25 /* Headers */,
				F2CED48E1A61AA50001B9B25 /* Resources */,
				CB9720BB10C801731DFB3079 /* Copy Pods Resources */,
			);
			buildRules = (
			);
			dependencies = (
			);
			name = UIMSDK;
			productName = UIMSDK;
			productReference = F2CED4901A61AA50001B9B25 /* UIMSDK.framework */;
			productType = "com.apple.product-type.framework";
		};
		F2F81FB31AE92DE3007CF472 /* libUIMSDK */ = {
			isa = PBXNativeTarget;
			buildConfigurationList = F2F81FC91AE92DE3007CF472 /* Build configuration list for PBXNativeTarget "libUIMSDK" */;
			buildPhases = (
				F2F81FB01AE92DE3007CF472 /* Sources */,
				F2F81FB11AE92DE3007CF472 /* Frameworks */,
				F2F81FB21AE92DE3007CF472 /* CopyFiles */,
			);
			buildRules = (
			);
			dependencies = (
			);
			name = libUIMSDK;
			productName = libUIMSDK;
			productReference = F2F81FB41AE92DE3007CF472 /* liblibUIMSDK.a */;
			productType = "com.apple.product-type.library.static";
		};
/* End PBXNativeTarget section */

/* Begin PBXProject section */
		F2CED4871A61AA50001B9B25 /* Project object */ = {
			isa = PBXProject;
			attributes = {
				LastUpgradeCheck = 0610;
				ORGANIZATIONNAME = "Retso Huang";
				TargetAttributes = {
					F2AEF1FC1A61ACF900884537 = {
						CreatedOnToolsVersion = 6.1.1;
					};
					F2CED48F1A61AA50001B9B25 = {
						CreatedOnToolsVersion = 6.1.1;
					};
					F2F81FB31AE92DE3007CF472 = {
						CreatedOnToolsVersion = 6.3.1;
					};
				};
			};
			buildConfigurationList = F2CED48A1A61AA50001B9B25 /* Build configuration list for PBXProject "UIMSDK" */;
			compatibilityVersion = "Xcode 3.2";
			developmentRegion = English;
			hasScannedForEncodings = 0;
			knownRegions = (
				en,
			);
			mainGroup = F2CED4861A61AA50001B9B25;
			productRefGroup = F2CED4911A61AA50001B9B25 /* Products */;
			projectDirPath = "";
			projectRoot = "";
			targets = (
				F2CED48F1A61AA50001B9B25 /* UIMSDK */,
				F2AEF1FC1A61ACF900884537 /* UIMSDK-Universal */,
				F2F81FB31AE92DE3007CF472 /* libUIMSDK */,
			);
		};
/* End PBXProject section */

/* Begin PBXResourcesBuildPhase section */
		F2CED48E1A61AA50001B9B25 /* Resources */ = {
			isa = PBXResourcesBuildPhase;
			buildActionMask = 2147483647;
			files = (
			);
			runOnlyForDeploymentPostprocessing = 0;
		};
/* End PBXResourcesBuildPhase section */

/* Begin PBXShellScriptBuildPhase section */
		CB9720BB10C801731DFB3079 /* Copy Pods Resources */ = {
			isa = PBXShellScriptBuildPhase;
			buildActionMask = 2147483647;
			files = (
			);
			inputPaths = (
			);
			name = "Copy Pods Resources";
			outputPaths = (
			);
			runOnlyForDeploymentPostprocessing = 0;
			shellPath = /bin/sh;
			shellScript = "\"${SRCROOT}/Pods/Target Support Files/Pods/Pods-resources.sh\"\n";
			showEnvVarsInLog = 0;
		};
		D93A8EA03F0F30CBD72B183D /* Check Pods Manifest.lock */ = {
			isa = PBXShellScriptBuildPhase;
			buildActionMask = 2147483647;
			files = (
			);
			inputPaths = (
			);
			name = "Check Pods Manifest.lock";
			outputPaths = (
			);
			runOnlyForDeploymentPostprocessing = 0;
			shellPath = /bin/sh;
			shellScript = "diff \"${PODS_ROOT}/../Podfile.lock\" \"${PODS_ROOT}/Manifest.lock\" > /dev/null\nif [[ $? != 0 ]] ; then\n    cat << EOM\nerror: The sandbox is not in sync with the Podfile.lock. Run 'pod install' or update your CocoaPods installation.\nEOM\n    exit 1\nfi\n";
			showEnvVarsInLog = 0;
		};
		F2AEF2001A61AD0600884537 /* ShellScript */ = {
			isa = PBXShellScriptBuildPhase;
			buildActionMask = 2147483647;
			files = (
			);
			inputPaths = (
			);
			outputPaths = (
			);
			runOnlyForDeploymentPostprocessing = 0;
			shellPath = /bin/sh;
			shellScript = "######################\n# Options\n######################\n\nREVEAL_ARCHIVE_IN_FINDER=false\n\nFRAMEWORK_NAME=\"${PROJECT_NAME}\"\n\nSIMULATOR_LIBRARY_PATH=\"${BUILD_DIR}/${CONFIGURATION}-iphonesimulator/${FRAMEWORK_NAME}.framework\"\n\nDEVICE_LIBRARY_PATH=\"${BUILD_DIR}/${CONFIGURATION}-iphoneos/${FRAMEWORK_NAME}.framework\"\n\nUNIVERSAL_LIBRARY_DIR=\"${BUILD_DIR}/${CONFIGURATION}-iphoneuniversal\"\n\nFRAMEWORK=\"${UNIVERSAL_LIBRARY_DIR}/${FRAMEWORK_NAME}.framework\"\n\n\n######################\n# Build Frameworks\n######################\n\nxcodebuild -workspace ${PROJECT_NAME}.xcworkspace -scheme ${PROJECT_NAME} -sdk iphonesimulator -configuration ${CONFIGURATION} clean build CONFIGURATION_BUILD_DIR=${BUILD_DIR}/${CONFIGURATION}-iphonesimulator 2>&1\n\nxcodebuild -workspace ${PROJECT_NAME}.xcworkspace -scheme ${PROJECT_NAME} -sdk iphoneos -configuration ${CONFIGURATION} clean build CONFIGURATION_BUILD_DIR=${BUILD_DIR}/${CONFIGURATION}-iphoneos 2>&1\n\n######################\n# Create directory for universal\n######################\n\nrm -rf \"${UNIVERSAL_LIBRARY_DIR}\"\n\nmkdir \"${UNIVERSAL_LIBRARY_DIR}\"\n\nmkdir \"${FRAMEWORK}\"\n\n\n######################\n# Copy files Framework\n######################\n\ncp -r \"${DEVICE_LIBRARY_PATH}/.\" \"${FRAMEWORK}\"\n\n\n######################\n# Make an universal binary\n######################\n\nlipo \"${SIMULATOR_LIBRARY_PATH}/${FRAMEWORK_NAME}\" \"${DEVICE_LIBRARY_PATH}/${FRAMEWORK_NAME}\" -create -output \"${FRAMEWORK}/${FRAMEWORK_NAME}\" | echo\n\n######################\n# On Release, copy the result to release directory\n######################\nOUTPUT_DIR=\"${PROJECT_DIR}/Output/${FRAMEWORK_NAME}-${CONFIGURATION}-iphoneuniversal/\"\n\nrm -rf \"$OUTPUT_DIR\"\nmkdir -p \"$OUTPUT_DIR\"\n\ncp -r \"${FRAMEWORK}\" \"$OUTPUT_DIR\"\n\nif [ ${REVEAL_ARCHIVE_IN_FINDER} = true ]; then\nopen \"${OUTPUT_DIR}/\"\nfi";
		};
/* End PBXShellScriptBuildPhase section */

/* Begin PBXSourcesBuildPhase section */
		F2CED48B1A61AA50001B9B25 /* Sources */ = {
			isa = PBXSourcesBuildPhase;
			buildActionMask = 2147483647;
			files = (
				F23819301A6641B400748A5E /* UIMClient.m in Sources */,
				F23819341A6641B400748A5E /* UIMService.m in Sources */,
			);
			runOnlyForDeploymentPostprocessing = 0;
		};
		F2F81FB01AE92DE3007CF472 /* Sources */ = {
			isa = PBXSourcesBuildPhase;
			buildActionMask = 2147483647;
			files = (
				F2F81FCF1AE92E4A007CF472 /* UIMClient.m in Sources */,
				F2F81FD01AE92E4A007CF472 /* UIMService.h in Sources */,
				F2F81FD11AE92E4A007CF472 /* UIMService.m in Sources */,
			);
			runOnlyForDeploymentPostprocessing = 0;
		};
/* End PBXSourcesBuildPhase section */

/* Begin XCBuildConfiguration section */
		F2AEF1FE1A61ACF900884537 /* Debug */ = {
			isa = XCBuildConfiguration;
			buildSettings = {
				PRODUCT_NAME = "$(TARGET_NAME)";
				SDKROOT = iphoneos;
			};
			name = Debug;
		};
		F2AEF1FF1A61ACF900884537 /* Release */ = {
			isa = XCBuildConfiguration;
			buildSettings = {
				PRODUCT_NAME = "$(TARGET_NAME)";
				SDKROOT = iphoneos;
			};
			name = Release;
		};
		F2CED4A41A61AA51001B9B25 /* Debug */ = {
			isa = XCBuildConfiguration;
			buildSettings = {
				ALWAYS_SEARCH_USER_PATHS = NO;
				CLANG_CXX_LANGUAGE_STANDARD = "gnu++0x";
				CLANG_CXX_LIBRARY = "libc++";
				CLANG_ENABLE_MODULES = YES;
				CLANG_ENABLE_OBJC_ARC = YES;
				CLANG_WARN_BOOL_CONVERSION = YES;
				CLANG_WARN_CONSTANT_CONVERSION = YES;
				CLANG_WARN_DIRECT_OBJC_ISA_USAGE = YES_ERROR;
				CLANG_WARN_EMPTY_BODY = YES;
				CLANG_WARN_ENUM_CONVERSION = YES;
				CLANG_WARN_INT_CONVERSION = YES;
				CLANG_WARN_OBJC_ROOT_CLASS = YES_ERROR;
				CLANG_WARN_UNREACHABLE_CODE = YES;
				CLANG_WARN__DUPLICATE_METHOD_MATCH = YES;
				"CODE_SIGN_IDENTITY[sdk=iphoneos*]" = "iPhone Developer";
				COPY_PHASE_STRIP = NO;
				CURRENT_PROJECT_VERSION = 1;
				ENABLE_STRICT_OBJC_MSGSEND = YES;
				GCC_C_LANGUAGE_STANDARD = gnu99;
				GCC_DYNAMIC_NO_PIC = NO;
				GCC_OPTIMIZATION_LEVEL = 0;
				GCC_PREPROCESSOR_DEFINITIONS = (
					"DEBUG=1",
					"$(inherited)",
				);
				GCC_SYMBOLS_PRIVATE_EXTERN = NO;
				GCC_WARN_64_TO_32_BIT_CONVERSION = YES;
				GCC_WARN_ABOUT_RETURN_TYPE = YES_ERROR;
				GCC_WARN_UNDECLARED_SELECTOR = YES;
				GCC_WARN_UNINITIALIZED_AUTOS = YES_AGGRESSIVE;
				GCC_WARN_UNUSED_FUNCTION = YES;
				GCC_WARN_UNUSED_VARIABLE = YES;
				IPHONEOS_DEPLOYMENT_TARGET = 8.1;
				MTL_ENABLE_DEBUG_INFO = YES;
				ONLY_ACTIVE_ARCH = YES;
				SDKROOT = iphoneos;
				TARGETED_DEVICE_FAMILY = "1,2";
				VERSIONING_SYSTEM = "apple-generic";
				VERSION_INFO_PREFIX = "";
			};
			name = Debug;
		};
		F2CED4A51A61AA51001B9B25 /* Release */ = {
			isa = XCBuildConfiguration;
			buildSettings = {
				ALWAYS_SEARCH_USER_PATHS = NO;
				CLANG_CXX_LANGUAGE_STANDARD = "gnu++0x";
				CLANG_CXX_LIBRARY = "libc++";
				CLANG_ENABLE_MODULES = YES;
				CLANG_ENABLE_OBJC_ARC = YES;
				CLANG_WARN_BOOL_CONVERSION = YES;
				CLANG_WARN_CONSTANT_CONVERSION = YES;
				CLANG_WARN_DIRECT_OBJC_ISA_USAGE = YES_ERROR;
				CLANG_WARN_EMPTY_BODY = YES;
				CLANG_WARN_ENUM_CONVERSION = YES;
				CLANG_WARN_INT_CONVERSION = YES;
				CLANG_WARN_OBJC_ROOT_CLASS = YES_ERROR;
				CLANG_WARN_UNREACHABLE_CODE = YES;
				CLANG_WARN__DUPLICATE_METHOD_MATCH = YES;
				"CODE_SIGN_IDENTITY[sdk=iphoneos*]" = "iPhone Developer";
				COPY_PHASE_STRIP = YES;
				CURRENT_PROJECT_VERSION = 1;
				ENABLE_NS_ASSERTIONS = NO;
				ENABLE_STRICT_OBJC_MSGSEND = YES;
				GCC_C_LANGUAGE_STANDARD = gnu99;
				GCC_WARN_64_TO_32_BIT_CONVERSION = YES;
				GCC_WARN_ABOUT_RETURN_TYPE = YES_ERROR;
				GCC_WARN_UNDECLARED_SELECTOR = YES;
				GCC_WARN_UNINITIALIZED_AUTOS = YES_AGGRESSIVE;
				GCC_WARN_UNUSED_FUNCTION = YES;
				GCC_WARN_UNUSED_VARIABLE = YES;
				IPHONEOS_DEPLOYMENT_TARGET = 8.1;
				MTL_ENABLE_DEBUG_INFO = NO;
				SDKROOT = iphoneos;
				TARGETED_DEVICE_FAMILY = "1,2";
				VALIDATE_PRODUCT = YES;
				VERSIONING_SYSTEM = "apple-generic";
				VERSION_INFO_PREFIX = "";
			};
			name = Release;
		};
		F2CED4A71A61AA51001B9B25 /* Debug */ = {
			isa = XCBuildConfiguration;
			baseConfigurationReference = D7BFEB82D46CC2DA02469844 /* Pods.debug.xcconfig */;
			buildSettings = {
				APPLICATION_EXTENSION_API_ONLY = NO;
				CURRENT_PROJECT_VERSION = 1.8;
				DEFINES_MODULE = YES;
				DYLIB_COMPATIBILITY_VERSION = 1;
				DYLIB_CURRENT_VERSION = 1;
				DYLIB_INSTALL_NAME_BASE = "@rpath";
				INFOPLIST_FILE = UIMSDK/Info.plist;
				INSTALL_PATH = "$(LOCAL_LIBRARY_DIR)/Frameworks";
				IPHONEOS_DEPLOYMENT_TARGET = 8.0;
				LD_RUNPATH_SEARCH_PATHS = "$(inherited) @executable_path/Frameworks @loader_path/Frameworks";
				PRODUCT_NAME = "$(TARGET_NAME)";
				SKIP_INSTALL = YES;
			};
			name = Debug;
		};
		F2CED4A81A61AA51001B9B25 /* Release */ = {
			isa = XCBuildConfiguration;
			baseConfigurationReference = 7CC3FF33C05B2B430070EC68 /* Pods.release.xcconfig */;
			buildSettings = {
				APPLICATION_EXTENSION_API_ONLY = NO;
				CURRENT_PROJECT_VERSION = 1.8;
				DEFINES_MODULE = YES;
				DYLIB_COMPATIBILITY_VERSION = 1;
				DYLIB_CURRENT_VERSION = 1;
				DYLIB_INSTALL_NAME_BASE = "@rpath";
				INFOPLIST_FILE = UIMSDK/Info.plist;
				INSTALL_PATH = "$(LOCAL_LIBRARY_DIR)/Frameworks";
				IPHONEOS_DEPLOYMENT_TARGET = 8.0;
				LD_RUNPATH_SEARCH_PATHS = "$(inherited) @executable_path/Frameworks @loader_path/Frameworks";
				PRODUCT_NAME = "$(TARGET_NAME)";
				SKIP_INSTALL = YES;
			};
			name = Release;
		};
		F2F81FC51AE92DE3007CF472 /* Debug */ = {
			isa = XCBuildConfiguration;
			buildSettings = {
				DEBUG_INFORMATION_FORMAT = "dwarf-with-dsym";
				GCC_NO_COMMON_BLOCKS = YES;
				GCC_PREPROCESSOR_DEFINITIONS = (
					"DEBUG=1",
					"$(inherited)",
				);
				IPHONEOS_DEPLOYMENT_TARGET = 8.3;
				OTHER_LDFLAGS = "-ObjC";
				PRODUCT_NAME = "$(TARGET_NAME)";
				SKIP_INSTALL = YES;
			};
			name = Debug;
		};
		F2F81FC61AE92DE3007CF472 /* Release */ = {
			isa = XCBuildConfiguration;
			buildSettings = {
				COPY_PHASE_STRIP = NO;
				DEBUG_INFORMATION_FORMAT = "dwarf-with-dsym";
				GCC_NO_COMMON_BLOCKS = YES;
				IPHONEOS_DEPLOYMENT_TARGET = 8.3;
				OTHER_LDFLAGS = "-ObjC";
				PRODUCT_NAME = "$(TARGET_NAME)";
				SKIP_INSTALL = YES;
			};
			name = Release;
		};
/* End XCBuildConfiguration section */

/* Begin XCConfigurationList section */
		F2AEF1FD1A61ACF900884537 /* Build configuration list for PBXAggregateTarget "UIMSDK-Universal" */ = {
			isa = XCConfigurationList;
			buildConfigurations = (
				F2AEF1FE1A61ACF900884537 /* Debug */,
				F2AEF1FF1A61ACF900884537 /* Release */,
			);
			defaultConfigurationIsVisible = 0;
			defaultConfigurationName = Release;
		};
		F2CED48A1A61AA50001B9B25 /* Build configuration list for PBXProject "UIMSDK" */ = {
			isa = XCConfigurationList;
			buildConfigurations = (
				F2CED4A41A61AA51001B9B25 /* Debug */,
				F2CED4A51A61AA51001B9B25 /* Release */,
			);
			defaultConfigurationIsVisible = 0;
			defaultConfigurationName = Release;
		};
		F2CED4A61A61AA51001B9B25 /* Build configuration list for PBXNativeTarget "UIMSDK" */ = {
			isa = XCConfigurationList;
			buildConfigurations = (
				F2CED4A71A61AA51001B9B25 /* Debug */,
				F2CED4A81A61AA51001B9B25 /* Release */,
			);
			defaultConfigurationIsVisible = 0;
			defaultConfigurationName = Release;
		};
		F2F81FC91AE92DE3007CF472 /* Build configuration list for PBXNativeTarget "libUIMSDK" */ = {
			isa = XCConfigurationList;
			buildConfigurations = (
				F2F81FC51AE92DE3007CF472 /* Debug */,
				F2F81FC61AE92DE3007CF472 /* Release */,
			);
			defaultConfigurationIsVisible = 0;
		};
/* End XCConfigurationList section */
	};
	rootObject = F2CED4871A61AA50001B9B25 /* Project object */;
}
